
Microsoft Visual Studio Solution File, Format Version 12.00
# Visual Studio Version 17
VisualStudioVersion = 17.0.31903.59
MinimumVisualStudioVersion = 10.0.40219.1
Project("{2150E333-8FDC-42A3-9474-1A3956D46DE8}") = "src", "src", "{827E0CD3-B72D-47B6-A68D-7590B98EB39B}"
EndProject
Project("{2150E333-8FDC-42A3-9474-1A3956D46DE8}") = "Shared", "Shared", "{C8E42992-5E42-0C2B-DBFE-AA848D06431C}"
EndProject
Project("{FAE04EC0-301F-11D3-BF4B-00C04F79EFBC}") = "BuyLess.Shared", "src\Shared\BuyLess.Shared\BuyLess.Shared.csproj", "{2C3A2ECB-3006-4565-81A8-F2C1A864903A}"
EndProject
Project("{2150E333-8FDC-42A3-9474-1A3956D46DE8}") = "Services", "Services", "{984BB9B3-3FA3-BE33-9484-CAC21695A33C}"
EndProject
Project("{2150E333-8FDC-42A3-9474-1A3956D46DE8}") = "AuthService", "AuthService", "{B0ED8887-1092-5A1A-EC04-2B6B0F6E9C33}"
EndProject
Project("{FAE04EC0-301F-11D3-BF4B-00C04F79EFBC}") = "AuthService.API", "src\Services\AuthService\AuthService.API\AuthService.API.csproj", "{609080D5-4397-4220-A02E-F76D849D6143}"
EndProject
Project("{FAE04EC0-301F-11D3-BF4B-00C04F79EFBC}") = "AuthService.Domain", "src\Services\AuthService\AuthService.Domain\AuthService.Domain.csproj", "{DE941A27-CDBB-4BEE-8819-4533B806948E}"
EndProject
Project("{FAE04EC0-301F-11D3-BF4B-00C04F79EFBC}") = "AuthService.Application", "src\Services\AuthService\AuthService.Application\AuthService.Application.csproj", "{AE1D466D-9ABC-4EB0-84F7-5F681448CC2B}"
EndProject
Project("{FAE04EC0-301F-11D3-BF4B-00C04F79EFBC}") = "AuthService.Infrastructure", "src\Services\AuthService\AuthService.Infrastructure\AuthService.Infrastructure.csproj", "{87F7CCE5-F0E2-4932-BAE1-14E1EDE207AF}"
EndProject
Project("{2150E333-8FDC-42A3-9474-1A3956D46DE8}") = "InventoryService", "InventoryService", "{2F82A921-F5AC-497D-C46A-64A82B34AE26}"
EndProject
Project("{FAE04EC0-301F-11D3-BF4B-00C04F79EFBC}") = "InventoryService.API", "src\Services\InventoryService\InventoryService.API\InventoryService.API.csproj", "{75EA6A07-9ABD-4AE5-99E8-5155D0CADC6F}"
EndProject
Project("{FAE04EC0-301F-11D3-BF4B-00C04F79EFBC}") = "InventoryService.Domain", "src\Services\InventoryService\InventoryService.Domain\InventoryService.Domain.csproj", "{67954428-E698-49AE-9BF8-1F06B227FEB5}"
EndProject
Project("{FAE04EC0-301F-11D3-BF4B-00C04F79EFBC}") = "InventoryService.Application", "src\Services\InventoryService\InventoryService.Application\InventoryService.Application.csproj", "{22E1F3DC-02A7-46AE-9696-8F542CAB863A}"
EndProject
Project("{FAE04EC0-301F-11D3-BF4B-00C04F79EFBC}") = "InventoryService.Infrastructure", "src\Services\InventoryService\InventoryService.Infrastructure\InventoryService.Infrastructure.csproj", "{D8D9088B-D15C-423B-B7A7-8AC75272694C}"
EndProject
Project("{2150E333-8FDC-42A3-9474-1A3956D46DE8}") = "BudgetService", "BudgetService", "{4C771677-6415-9B28-0184-0CC570FB9A1C}"
EndProject
Project("{FAE04EC0-301F-11D3-BF4B-00C04F79EFBC}") = "BudgetService.API", "src\Services\BudgetService\BudgetService.API\BudgetService.API.csproj", "{EC5D5557-1565-428E-B956-60CF70371995}"
EndProject
Project("{FAE04EC0-301F-11D3-BF4B-00C04F79EFBC}") = "BudgetService.Domain", "src\Services\BudgetService\BudgetService.Domain\BudgetService.Domain.csproj", "{4A422374-9FF7-4059-BC71-D421F3AC8FD3}"
EndProject
Project("{FAE04EC0-301F-11D3-BF4B-00C04F79EFBC}") = "BudgetService.Application", "src\Services\BudgetService\BudgetService.Application\BudgetService.Application.csproj", "{4F01D008-C5EF-4662-98F6-85C275C1E213}"
EndProject
Project("{FAE04EC0-301F-11D3-BF4B-00C04F79EFBC}") = "BudgetService.Infrastructure", "src\Services\BudgetService\BudgetService.Infrastructure\BudgetService.Infrastructure.csproj", "{8171652F-EA6C-42E0-AA69-51BF0B6D7431}"
EndProject
Project("{2150E333-8FDC-42A3-9474-1A3956D46DE8}") = "DonationService", "DonationService", "{45157A9D-23B2-A661-10EF-8EAB995BB19F}"
EndProject
Project("{FAE04EC0-301F-11D3-BF4B-00C04F79EFBC}") = "DonationService.API", "src\Services\DonationService\DonationService.API\DonationService.API.csproj", "{5508A524-C988-4025-980A-9FD6F8438D79}"
EndProject
Project("{FAE04EC0-301F-11D3-BF4B-00C04F79EFBC}") = "DonationService.Domain", "src\Services\DonationService\DonationService.Domain\DonationService.Domain.csproj", "{285A129A-A24F-4FD5-9A3A-E7F803D25C88}"
EndProject
Project("{FAE04EC0-301F-11D3-BF4B-00C04F79EFBC}") = "DonationService.Application", "src\Services\DonationService\DonationService.Application\DonationService.Application.csproj", "{D1512015-7DD2-4005-98D6-854EB593F510}"
EndProject
Project("{FAE04EC0-301F-11D3-BF4B-00C04F79EFBC}") = "DonationService.Infrastructure", "src\Services\DonationService\DonationService.Infrastructure\DonationService.Infrastructure.csproj", "{2A1AF116-75E1-4541-B861-5BD8E40736C2}"
EndProject
Project("{2150E333-8FDC-42A3-9474-1A3956D46DE8}") = "RewardService", "RewardService", "{1B3D278D-E8E4-0372-D63A-30872E88AAE9}"
EndProject
Project("{FAE04EC0-301F-11D3-BF4B-00C04F79EFBC}") = "RewardService.API", "src\Services\RewardService\RewardService.API\RewardService.API.csproj", "{905750CD-1DDD-4968-BD45-695BCA23B461}"
EndProject
Project("{FAE04EC0-301F-11D3-BF4B-00C04F79EFBC}") = "RewardService.Domain", "src\Services\RewardService\RewardService.Domain\RewardService.Domain.csproj", "{BF73724E-F7E0-4DCC-B578-774CACB71EFF}"
EndProject
Project("{FAE04EC0-301F-11D3-BF4B-00C04F79EFBC}") = "RewardService.Application", "src\Services\RewardService\RewardService.Application\RewardService.Application.csproj", "{43CE6E86-F6CF-4D7B-BCC2-B00820E57788}"
EndProject
Project("{FAE04EC0-301F-11D3-BF4B-00C04F79EFBC}") = "RewardService.Infrastructure", "src\Services\RewardService\RewardService.Infrastructure\RewardService.Infrastructure.csproj", "{E9EFED82-49EF-4E1F-B136-DB67440439FA}"
EndProject
Project("{2150E333-8FDC-42A3-9474-1A3956D46DE8}") = "MarketplaceService", "MarketplaceService", "{13A5714D-D32B-0EDD-ED40-5334E310C562}"
EndProject
Project("{FAE04EC0-301F-11D3-BF4B-00C04F79EFBC}") = "MarketplaceService.API", "src\Services\MarketplaceService\MarketplaceService.API\MarketplaceService.API.csproj", "{7176F1E2-CF74-4F33-995C-C4FEB4DDE6C2}"
EndProject
Project("{FAE04EC0-301F-11D3-BF4B-00C04F79EFBC}") = "MarketplaceService.Domain", "src\Services\MarketplaceService\MarketplaceService.Domain\MarketplaceService.Domain.csproj", "{DD52526A-E8A7-427D-9071-5068DE5D2953}"
EndProject
Project("{FAE04EC0-301F-11D3-BF4B-00C04F79EFBC}") = "MarketplaceService.Application", "src\Services\MarketplaceService\MarketplaceService.Application\MarketplaceService.Application.csproj", "{043B9166-A54C-4AAA-93DC-523C6C438E74}"
EndProject
Project("{FAE04EC0-301F-11D3-BF4B-00C04F79EFBC}") = "MarketplaceService.Infrastructure", "src\Services\MarketplaceService\MarketplaceService.Infrastructure\MarketplaceService.Infrastructure.csproj", "{BA6F55F4-F2A6-46BC-A0A4-0C7B491EAFED}"
EndProject
Project("{2150E333-8FDC-42A3-9474-1A3956D46DE8}") = "NotificationService", "NotificationService", "{47931FAB-DBE1-FD8F-0AFF-2CD4B99C52C4}"
EndProject
Project("{FAE04EC0-301F-11D3-BF4B-00C04F79EFBC}") = "NotificationService.API", "src\Services\NotificationService\NotificationService.API\NotificationService.API.csproj", "{5EB9CC58-888E-4A6C-BB14-04AF815CF0A1}"
EndProject
Project("{FAE04EC0-301F-11D3-BF4B-00C04F79EFBC}") = "NotificationService.Domain", "src\Services\NotificationService\NotificationService.Domain\NotificationService.Domain.csproj", "{D95B6A40-895D-4EBC-A98E-ECF3659AE3D0}"
EndProject
Project("{FAE04EC0-301F-11D3-BF4B-00C04F79EFBC}") = "NotificationService.Application", "src\Services\NotificationService\NotificationService.Application\NotificationService.Application.csproj", "{769822B4-E984-45F1-83CA-C32A6DB455CB}"
EndProject
Project("{FAE04EC0-301F-11D3-BF4B-00C04F79EFBC}") = "NotificationService.Infrastructure", "src\Services\NotificationService\NotificationService.Infrastructure\NotificationService.Infrastructure.csproj", "{BA4C03ED-BCAB-4E32-8B4A-140522E104BD}"
EndProject
Project("{2150E333-8FDC-42A3-9474-1A3956D46DE8}") = "ApiGateway", "ApiGateway", "{FCA01246-F2C6-0AA7-D43F-FD13BE0B9D88}"
EndProject
Project("{FAE04EC0-301F-11D3-BF4B-00C04F79EFBC}") = "BuyLess.ApiGateway", "src\ApiGateway\BuyLess.ApiGateway\BuyLess.ApiGateway.csproj", "{5AA2547D-34C0-4F76-9EB7-C4DC0066BD92}"
EndProject
Global
	GlobalSection(SolutionConfigurationPlatforms) = preSolution
		Debug|Any CPU = Debug|Any CPU
		Debug|x64 = Debug|x64
		Debug|x86 = Debug|x86
		Release|Any CPU = Release|Any CPU
		Release|x64 = Release|x64
		Release|x86 = Release|x86
	EndGlobalSection
	GlobalSection(ProjectConfigurationPlatforms) = postSolution
		{2C3A2ECB-3006-4565-81A8-F2C1A864903A}.Debug|Any CPU.ActiveCfg = Debug|Any CPU
		{2C3A2ECB-3006-4565-81A8-F2C1A864903A}.Debug|Any CPU.Build.0 = Debug|Any CPU
		{2C3A2ECB-3006-4565-81A8-F2C1A864903A}.Debug|x64.ActiveCfg = Debug|Any CPU
		{2C3A2ECB-3006-4565-81A8-F2C1A864903A}.Debug|x64.Build.0 = Debug|Any CPU
		{2C3A2ECB-3006-4565-81A8-F2C1A864903A}.Debug|x86.ActiveCfg = Debug|Any CPU
		{2C3A2ECB-3006-4565-81A8-F2C1A864903A}.Debug|x86.Build.0 = Debug|Any CPU
		{2C3A2ECB-3006-4565-81A8-F2C1A864903A}.Release|Any CPU.ActiveCfg = Release|Any CPU
		{2C3A2ECB-3006-4565-81A8-F2C1A864903A}.Release|Any CPU.Build.0 = Release|Any CPU
		{2C3A2ECB-3006-4565-81A8-F2C1A864903A}.Release|x64.ActiveCfg = Release|Any CPU
		{2C3A2ECB-3006-4565-81A8-F2C1A864903A}.Release|x64.Build.0 = Release|Any CPU
		{2C3A2ECB-3006-4565-81A8-F2C1A864903A}.Release|x86.ActiveCfg = Release|Any CPU
		{2C3A2ECB-3006-4565-81A8-F2C1A864903A}.Release|x86.Build.0 = Release|Any CPU
		{609080D5-4397-4220-A02E-F76D849D6143}.Debug|Any CPU.ActiveCfg = Debug|Any CPU
		{609080D5-4397-4220-A02E-F76D849D6143}.Debug|Any CPU.Build.0 = Debug|Any CPU
		{609080D5-4397-4220-A02E-F76D849D6143}.Debug|x64.ActiveCfg = Debug|Any CPU
		{609080D5-4397-4220-A02E-F76D849D6143}.Debug|x64.Build.0 = Debug|Any CPU
		{609080D5-4397-4220-A02E-F76D849D6143}.Debug|x86.ActiveCfg = Debug|Any CPU
		{609080D5-4397-4220-A02E-F76D849D6143}.Debug|x86.Build.0 = Debug|Any CPU
		{609080D5-4397-4220-A02E-F76D849D6143}.Release|Any CPU.ActiveCfg = Release|Any CPU
		{609080D5-4397-4220-A02E-F76D849D6143}.Release|Any CPU.Build.0 = Release|Any CPU
		{609080D5-4397-4220-A02E-F76D849D6143}.Release|x64.ActiveCfg = Release|Any CPU
		{609080D5-4397-4220-A02E-F76D849D6143}.Release|x64.Build.0 = Release|Any CPU
		{609080D5-4397-4220-A02E-F76D849D6143}.Release|x86.ActiveCfg = Release|Any CPU
		{609080D5-4397-4220-A02E-F76D849D6143}.Release|x86.Build.0 = Release|Any CPU
		{DE941A27-CDBB-4BEE-8819-4533B806948E}.Debug|Any CPU.ActiveCfg = Debug|Any CPU
		{DE941A27-CDBB-4BEE-8819-4533B806948E}.Debug|Any CPU.Build.0 = Debug|Any CPU
		{DE941A27-CDBB-4BEE-8819-4533B806948E}.Debug|x64.ActiveCfg = Debug|Any CPU
		{DE941A27-CDBB-4BEE-8819-4533B806948E}.Debug|x64.Build.0 = Debug|Any CPU
		{DE941A27-CDBB-4BEE-8819-4533B806948E}.Debug|x86.ActiveCfg = Debug|Any CPU
		{DE941A27-CDBB-4BEE-8819-4533B806948E}.Debug|x86.Build.0 = Debug|Any CPU
		{DE941A27-CDBB-4BEE-8819-4533B806948E}.Release|Any CPU.ActiveCfg = Release|Any CPU
		{DE941A27-CDBB-4BEE-8819-4533B806948E}.Release|Any CPU.Build.0 = Release|Any CPU
		{DE941A27-CDBB-4BEE-8819-4533B806948E}.Release|x64.ActiveCfg = Release|Any CPU
		{DE941A27-CDBB-4BEE-8819-4533B806948E}.Release|x64.Build.0 = Release|Any CPU
		{DE941A27-CDBB-4BEE-8819-4533B806948E}.Release|x86.ActiveCfg = Release|Any CPU
		{DE941A27-CDBB-4BEE-8819-4533B806948E}.Release|x86.Build.0 = Release|Any CPU
		{AE1D466D-9ABC-4EB0-84F7-5F681448CC2B}.Debug|Any CPU.ActiveCfg = Debug|Any CPU
		{AE1D466D-9ABC-4EB0-84F7-5F681448CC2B}.Debug|Any CPU.Build.0 = Debug|Any CPU
		{AE1D466D-9ABC-4EB0-84F7-5F681448CC2B}.Debug|x64.ActiveCfg = Debug|Any CPU
		{AE1D466D-9ABC-4EB0-84F7-5F681448CC2B}.Debug|x64.Build.0 = Debug|Any CPU
		{AE1D466D-9ABC-4EB0-84F7-5F681448CC2B}.Debug|x86.ActiveCfg = Debug|Any CPU
		{AE1D466D-9ABC-4EB0-84F7-5F681448CC2B}.Debug|x86.Build.0 = Debug|Any CPU
		{AE1D466D-9ABC-4EB0-84F7-5F681448CC2B}.Release|Any CPU.ActiveCfg = Release|Any CPU
		{AE1D466D-9ABC-4EB0-84F7-5F681448CC2B}.Release|Any CPU.Build.0 = Release|Any CPU
		{AE1D466D-9ABC-4EB0-84F7-5F681448CC2B}.Release|x64.ActiveCfg = Release|Any CPU
		{AE1D466D-9ABC-4EB0-84F7-5F681448CC2B}.Release|x64.Build.0 = Release|Any CPU
		{AE1D466D-9ABC-4EB0-84F7-5F681448CC2B}.Release|x86.ActiveCfg = Release|Any CPU
		{AE1D466D-9ABC-4EB0-84F7-5F681448CC2B}.Release|x86.Build.0 = Release|Any CPU
		{87F7CCE5-F0E2-4932-BAE1-14E1EDE207AF}.Debug|Any CPU.ActiveCfg = Debug|Any CPU
		{87F7CCE5-F0E2-4932-BAE1-14E1EDE207AF}.Debug|Any CPU.Build.0 = Debug|Any CPU
		{87F7CCE5-F0E2-4932-BAE1-14E1EDE207AF}.Debug|x64.ActiveCfg = Debug|Any CPU
		{87F7CCE5-F0E2-4932-BAE1-14E1EDE207AF}.Debug|x64.Build.0 = Debug|Any CPU
		{87F7CCE5-F0E2-4932-BAE1-14E1EDE207AF}.Debug|x86.ActiveCfg = Debug|Any CPU
		{87F7CCE5-F0E2-4932-BAE1-14E1EDE207AF}.Debug|x86.Build.0 = Debug|Any CPU
		{87F7CCE5-F0E2-4932-BAE1-14E1EDE207AF}.Release|Any CPU.ActiveCfg = Release|Any CPU
		{87F7CCE5-F0E2-4932-BAE1-14E1EDE207AF}.Release|Any CPU.Build.0 = Release|Any CPU
		{87F7CCE5-F0E2-4932-BAE1-14E1EDE207AF}.Release|x64.ActiveCfg = Release|Any CPU
		{87F7CCE5-F0E2-4932-BAE1-14E1EDE207AF}.Release|x64.Build.0 = Release|Any CPU
		{87F7CCE5-F0E2-4932-BAE1-14E1EDE207AF}.Release|x86.ActiveCfg = Release|Any CPU
		{87F7CCE5-F0E2-4932-BAE1-14E1EDE207AF}.Release|x86.Build.0 = Release|Any CPU
		{75EA6A07-9ABD-4AE5-99E8-5155D0CADC6F}.Debug|Any CPU.ActiveCfg = Debug|Any CPU
		{75EA6A07-9ABD-4AE5-99E8-5155D0CADC6F}.Debug|Any CPU.Build.0 = Debug|Any CPU
		{75EA6A07-9ABD-4AE5-99E8-5155D0CADC6F}.Debug|x64.ActiveCfg = Debug|Any CPU
		{75EA6A07-9ABD-4AE5-99E8-5155D0CADC6F}.Debug|x64.Build.0 = Debug|Any CPU
		{75EA6A07-9ABD-4AE5-99E8-5155D0CADC6F}.Debug|x86.ActiveCfg = Debug|Any CPU
		{75EA6A07-9ABD-4AE5-99E8-5155D0CADC6F}.Debug|x86.Build.0 = Debug|Any CPU
		{75EA6A07-9ABD-4AE5-99E8-5155D0CADC6F}.Release|Any CPU.ActiveCfg = Release|Any CPU
		{75EA6A07-9ABD-4AE5-99E8-5155D0CADC6F}.Release|Any CPU.Build.0 = Release|Any CPU
		{75EA6A07-9ABD-4AE5-99E8-5155D0CADC6F}.Release|x64.ActiveCfg = Release|Any CPU
		{75EA6A07-9ABD-4AE5-99E8-5155D0CADC6F}.Release|x64.Build.0 = Release|Any CPU
		{75EA6A07-9ABD-4AE5-99E8-5155D0CADC6F}.Release|x86.ActiveCfg = Release|Any CPU
		{75EA6A07-9ABD-4AE5-99E8-5155D0CADC6F}.Release|x86.Build.0 = Release|Any CPU
		{67954428-E698-49AE-9BF8-1F06B227FEB5}.Debug|Any CPU.ActiveCfg = Debug|Any CPU
		{67954428-E698-49AE-9BF8-1F06B227FEB5}.Debug|Any CPU.Build.0 = Debug|Any CPU
		{67954428-E698-49AE-9BF8-1F06B227FEB5}.Debug|x64.ActiveCfg = Debug|Any CPU
		{67954428-E698-49AE-9BF8-1F06B227FEB5}.Debug|x64.Build.0 = Debug|Any CPU
		{67954428-E698-49AE-9BF8-1F06B227FEB5}.Debug|x86.ActiveCfg = Debug|Any CPU
		{67954428-E698-49AE-9BF8-1F06B227FEB5}.Debug|x86.Build.0 = Debug|Any CPU
		{67954428-E698-49AE-9BF8-1F06B227FEB5}.Release|Any CPU.ActiveCfg = Release|Any CPU
		{67954428-E698-49AE-9BF8-1F06B227FEB5}.Release|Any CPU.Build.0 = Release|Any CPU
		{67954428-E698-49AE-9BF8-1F06B227FEB5}.Release|x64.ActiveCfg = Release|Any CPU
		{67954428-E698-49AE-9BF8-1F06B227FEB5}.Release|x64.Build.0 = Release|Any CPU
		{67954428-E698-49AE-9BF8-1F06B227FEB5}.Release|x86.ActiveCfg = Release|Any CPU
		{67954428-E698-49AE-9BF8-1F06B227FEB5}.Release|x86.Build.0 = Release|Any CPU
		{22E1F3DC-02A7-46AE-9696-8F542CAB863A}.Debug|Any CPU.ActiveCfg = Debug|Any CPU
		{22E1F3DC-02A7-46AE-9696-8F542CAB863A}.Debug|Any CPU.Build.0 = Debug|Any CPU
		{22E1F3DC-02A7-46AE-9696-8F542CAB863A}.Debug|x64.ActiveCfg = Debug|Any CPU
		{22E1F3DC-02A7-46AE-9696-8F542CAB863A}.Debug|x64.Build.0 = Debug|Any CPU
		{22E1F3DC-02A7-46AE-9696-8F542CAB863A}.Debug|x86.ActiveCfg = Debug|Any CPU
		{22E1F3DC-02A7-46AE-9696-8F542CAB863A}.Debug|x86.Build.0 = Debug|Any CPU
		{22E1F3DC-02A7-46AE-9696-8F542CAB863A}.Release|Any CPU.ActiveCfg = Release|Any CPU
		{22E1F3DC-02A7-46AE-9696-8F542CAB863A}.Release|Any CPU.Build.0 = Release|Any CPU
		{22E1F3DC-02A7-46AE-9696-8F542CAB863A}.Release|x64.ActiveCfg = Release|Any CPU
		{22E1F3DC-02A7-46AE-9696-8F542CAB863A}.Release|x64.Build.0 = Release|Any CPU
		{22E1F3DC-02A7-46AE-9696-8F542CAB863A}.Release|x86.ActiveCfg = Release|Any CPU
		{22E1F3DC-02A7-46AE-9696-8F542CAB863A}.Release|x86.Build.0 = Release|Any CPU
		{D8D9088B-D15C-423B-B7A7-8AC75272694C}.Debug|Any CPU.ActiveCfg = Debug|Any CPU
		{D8D9088B-D15C-423B-B7A7-8AC75272694C}.Debug|Any CPU.Build.0 = Debug|Any CPU
		{D8D9088B-D15C-423B-B7A7-8AC75272694C}.Debug|x64.ActiveCfg = Debug|Any CPU
		{D8D9088B-D15C-423B-B7A7-8AC75272694C}.Debug|x64.Build.0 = Debug|Any CPU
		{D8D9088B-D15C-423B-B7A7-8AC75272694C}.Debug|x86.ActiveCfg = Debug|Any CPU
		{D8D9088B-D15C-423B-B7A7-8AC75272694C}.Debug|x86.Build.0 = Debug|Any CPU
		{D8D9088B-D15C-423B-B7A7-8AC75272694C}.Release|Any CPU.ActiveCfg = Release|Any CPU
		{D8D9088B-D15C-423B-B7A7-8AC75272694C}.Release|Any CPU.Build.0 = Release|Any CPU
		{D8D9088B-D15C-423B-B7A7-8AC75272694C}.Release|x64.ActiveCfg = Release|Any CPU
		{D8D9088B-D15C-423B-B7A7-8AC75272694C}.Release|x64.Build.0 = Release|Any CPU
		{D8D9088B-D15C-423B-B7A7-8AC75272694C}.Release|x86.ActiveCfg = Release|Any CPU
		{D8D9088B-D15C-423B-B7A7-8AC75272694C}.Release|x86.Build.0 = Release|Any CPU
		{EC5D5557-1565-428E-B956-60CF70371995}.Debug|Any CPU.ActiveCfg = Debug|Any CPU
		{EC5D5557-1565-428E-B956-60CF70371995}.Debug|Any CPU.Build.0 = Debug|Any CPU
		{EC5D5557-1565-428E-B956-60CF70371995}.Debug|x64.ActiveCfg = Debug|Any CPU
		{EC5D5557-1565-428E-B956-60CF70371995}.Debug|x64.Build.0 = Debug|Any CPU
		{EC5D5557-1565-428E-B956-60CF70371995}.Debug|x86.ActiveCfg = Debug|Any CPU
		{EC5D5557-1565-428E-B956-60CF70371995}.Debug|x86.Build.0 = Debug|Any CPU
		{EC5D5557-1565-428E-B956-60CF70371995}.Release|Any CPU.ActiveCfg = Release|Any CPU
		{EC5D5557-1565-428E-B956-60CF70371995}.Release|Any CPU.Build.0 = Release|Any CPU
		{EC5D5557-1565-428E-B956-60CF70371995}.Release|x64.ActiveCfg = Release|Any CPU
		{EC5D5557-1565-428E-B956-60CF70371995}.Release|x64.Build.0 = Release|Any CPU
		{EC5D5557-1565-428E-B956-60CF70371995}.Release|x86.ActiveCfg = Release|Any CPU
		{EC5D5557-1565-428E-B956-60CF70371995}.Release|x86.Build.0 = Release|Any CPU
		{4A422374-9FF7-4059-BC71-D421F3AC8FD3}.Debug|Any CPU.ActiveCfg = Debug|Any CPU
		{4A422374-9FF7-4059-BC71-D421F3AC8FD3}.Debug|Any CPU.Build.0 = Debug|Any CPU
		{4A422374-9FF7-4059-BC71-D421F3AC8FD3}.Debug|x64.ActiveCfg = Debug|Any CPU
		{4A422374-9FF7-4059-BC71-D421F3AC8FD3}.Debug|x64.Build.0 = Debug|Any CPU
		{4A422374-9FF7-4059-BC71-D421F3AC8FD3}.Debug|x86.ActiveCfg = Debug|Any CPU
		{4A422374-9FF7-4059-BC71-D421F3AC8FD3}.Debug|x86.Build.0 = Debug|Any CPU
		{4A422374-9FF7-4059-BC71-D421F3AC8FD3}.Release|Any CPU.ActiveCfg = Release|Any CPU
		{4A422374-9FF7-4059-BC71-D421F3AC8FD3}.Release|Any CPU.Build.0 = Release|Any CPU
		{4A422374-9FF7-4059-BC71-D421F3AC8FD3}.Release|x64.ActiveCfg = Release|Any CPU
		{4A422374-9FF7-4059-BC71-D421F3AC8FD3}.Release|x64.Build.0 = Release|Any CPU
		{4A422374-9FF7-4059-BC71-D421F3AC8FD3}.Release|x86.ActiveCfg = Release|Any CPU
		{4A422374-9FF7-4059-BC71-D421F3AC8FD3}.Release|x86.Build.0 = Release|Any CPU
		{4F01D008-C5EF-4662-98F6-85C275C1E213}.Debug|Any CPU.ActiveCfg = Debug|Any CPU
		{4F01D008-C5EF-4662-98F6-85C275C1E213}.Debug|Any CPU.Build.0 = Debug|Any CPU
		{4F01D008-C5EF-4662-98F6-85C275C1E213}.Debug|x64.ActiveCfg = Debug|Any CPU
		{4F01D008-C5EF-4662-98F6-85C275C1E213}.Debug|x64.Build.0 = Debug|Any CPU
		{4F01D008-C5EF-4662-98F6-85C275C1E213}.Debug|x86.ActiveCfg = Debug|Any CPU
		{4F01D008-C5EF-4662-98F6-85C275C1E213}.Debug|x86.Build.0 = Debug|Any CPU
		{4F01D008-C5EF-4662-98F6-85C275C1E213}.Release|Any CPU.ActiveCfg = Release|Any CPU
		{4F01D008-C5EF-4662-98F6-85C275C1E213}.Release|Any CPU.Build.0 = Release|Any CPU
		{4F01D008-C5EF-4662-98F6-85C275C1E213}.Release|x64.ActiveCfg = Release|Any CPU
		{4F01D008-C5EF-4662-98F6-85C275C1E213}.Release|x64.Build.0 = Release|Any CPU
		{4F01D008-C5EF-4662-98F6-85C275C1E213}.Release|x86.ActiveCfg = Release|Any CPU
		{4F01D008-C5EF-4662-98F6-85C275C1E213}.Release|x86.Build.0 = Release|Any CPU
		{8171652F-EA6C-42E0-AA69-51BF0B6D7431}.Debug|Any CPU.ActiveCfg = Debug|Any CPU
		{8171652F-EA6C-42E0-AA69-51BF0B6D7431}.Debug|Any CPU.Build.0 = Debug|Any CPU
		{8171652F-EA6C-42E0-AA69-51BF0B6D7431}.Debug|x64.ActiveCfg = Debug|Any CPU
		{8171652F-EA6C-42E0-AA69-51BF0B6D7431}.Debug|x64.Build.0 = Debug|Any CPU
		{8171652F-EA6C-42E0-AA69-51BF0B6D7431}.Debug|x86.ActiveCfg = Debug|Any CPU
		{8171652F-EA6C-42E0-AA69-51BF0B6D7431}.Debug|x86.Build.0 = Debug|Any CPU
		{8171652F-EA6C-42E0-AA69-51BF0B6D7431}.Release|Any CPU.ActiveCfg = Release|Any CPU
		{8171652F-EA6C-42E0-AA69-51BF0B6D7431}.Release|Any CPU.Build.0 = Release|Any CPU
		{8171652F-EA6C-42E0-AA69-51BF0B6D7431}.Release|x64.ActiveCfg = Release|Any CPU
		{8171652F-EA6C-42E0-AA69-51BF0B6D7431}.Release|x64.Build.0 = Release|Any CPU
		{8171652F-EA6C-42E0-AA69-51BF0B6D7431}.Release|x86.ActiveCfg = Release|Any CPU
		{8171652F-EA6C-42E0-AA69-51BF0B6D7431}.Release|x86.Build.0 = Release|Any CPU
		{5508A524-C988-4025-980A-9FD6F8438D79}.Debug|Any CPU.ActiveCfg = Debug|Any CPU
		{5508A524-C988-4025-980A-9FD6F8438D79}.Debug|Any CPU.Build.0 = Debug|Any CPU
		{5508A524-C988-4025-980A-9FD6F8438D79}.Debug|x64.ActiveCfg = Debug|Any CPU
		{5508A524-C988-4025-980A-9FD6F8438D79}.Debug|x64.Build.0 = Debug|Any CPU
		{5508A524-C988-4025-980A-9FD6F8438D79}.Debug|x86.ActiveCfg = Debug|Any CPU
		{5508A524-C988-4025-980A-9FD6F8438D79}.Debug|x86.Build.0 = Debug|Any CPU
		{5508A524-C988-4025-980A-9FD6F8438D79}.Release|Any CPU.ActiveCfg = Release|Any CPU
		{5508A524-C988-4025-980A-9FD6F8438D79}.Release|Any CPU.Build.0 = Release|Any CPU
		{5508A524-C988-4025-980A-9FD6F8438D79}.Release|x64.ActiveCfg = Release|Any CPU
		{5508A524-C988-4025-980A-9FD6F8438D79}.Release|x64.Build.0 = Release|Any CPU
		{5508A524-C988-4025-980A-9FD6F8438D79}.Release|x86.ActiveCfg = Release|Any CPU
		{5508A524-C988-4025-980A-9FD6F8438D79}.Release|x86.Build.0 = Release|Any CPU
		{285A129A-A24F-4FD5-9A3A-E7F803D25C88}.Debug|Any CPU.ActiveCfg = Debug|Any CPU
		{285A129A-A24F-4FD5-9A3A-E7F803D25C88}.Debug|Any CPU.Build.0 = Debug|Any CPU
		{285A129A-A24F-4FD5-9A3A-E7F803D25C88}.Debug|x64.ActiveCfg = Debug|Any CPU
		{285A129A-A24F-4FD5-9A3A-E7F803D25C88}.Debug|x64.Build.0 = Debug|Any CPU
		{285A129A-A24F-4FD5-9A3A-E7F803D25C88}.Debug|x86.ActiveCfg = Debug|Any CPU
		{285A129A-A24F-4FD5-9A3A-E7F803D25C88}.Debug|x86.Build.0 = Debug|Any CPU
		{285A129A-A24F-4FD5-9A3A-E7F803D25C88}.Release|Any CPU.ActiveCfg = Release|Any CPU
		{285A129A-A24F-4FD5-9A3A-E7F803D25C88}.Release|Any CPU.Build.0 = Release|Any CPU
		{285A129A-A24F-4FD5-9A3A-E7F803D25C88}.Release|x64.ActiveCfg = Release|Any CPU
		{285A129A-A24F-4FD5-9A3A-E7F803D25C88}.Release|x64.Build.0 = Release|Any CPU
		{285A129A-A24F-4FD5-9A3A-E7F803D25C88}.Release|x86.ActiveCfg = Release|Any CPU
		{285A129A-A24F-4FD5-9A3A-E7F803D25C88}.Release|x86.Build.0 = Release|Any CPU
		{D1512015-7DD2-4005-98D6-854EB593F510}.Debug|Any CPU.ActiveCfg = Debug|Any CPU
		{D1512015-7DD2-4005-98D6-854EB593F510}.Debug|Any CPU.Build.0 = Debug|Any CPU
		{D1512015-7DD2-4005-98D6-854EB593F510}.Debug|x64.ActiveCfg = Debug|Any CPU
		{D1512015-7DD2-4005-98D6-854EB593F510}.Debug|x64.Build.0 = Debug|Any CPU
		{D1512015-7DD2-4005-98D6-854EB593F510}.Debug|x86.ActiveCfg = Debug|Any CPU
		{D1512015-7DD2-4005-98D6-854EB593F510}.Debug|x86.Build.0 = Debug|Any CPU
		{D1512015-7DD2-4005-98D6-854EB593F510}.Release|Any CPU.ActiveCfg = Release|Any CPU
		{D1512015-7DD2-4005-98D6-854EB593F510}.Release|Any CPU.Build.0 = Release|Any CPU
		{D1512015-7DD2-4005-98D6-854EB593F510}.Release|x64.ActiveCfg = Release|Any CPU
		{D1512015-7DD2-4005-98D6-854EB593F510}.Release|x64.Build.0 = Release|Any CPU
		{D1512015-7DD2-4005-98D6-854EB593F510}.Release|x86.ActiveCfg = Release|Any CPU
		{D1512015-7DD2-4005-98D6-854EB593F510}.Release|x86.Build.0 = Release|Any CPU
		{2A1AF116-75E1-4541-B861-5BD8E40736C2}.Debug|Any CPU.ActiveCfg = Debug|Any CPU
		{2A1AF116-75E1-4541-B861-5BD8E40736C2}.Debug|Any CPU.Build.0 = Debug|Any CPU
		{2A1AF116-75E1-4541-B861-5BD8E40736C2}.Debug|x64.ActiveCfg = Debug|Any CPU
		{2A1AF116-75E1-4541-B861-5BD8E40736C2}.Debug|x64.Build.0 = Debug|Any CPU
		{2A1AF116-75E1-4541-B861-5BD8E40736C2}.Debug|x86.ActiveCfg = Debug|Any CPU
		{2A1AF116-75E1-4541-B861-5BD8E40736C2}.Debug|x86.Build.0 = Debug|Any CPU
		{2A1AF116-75E1-4541-B861-5BD8E40736C2}.Release|Any CPU.ActiveCfg = Release|Any CPU
		{2A1AF116-75E1-4541-B861-5BD8E40736C2}.Release|Any CPU.Build.0 = Release|Any CPU
		{2A1AF116-75E1-4541-B861-5BD8E40736C2}.Release|x64.ActiveCfg = Release|Any CPU
		{2A1AF116-75E1-4541-B861-5BD8E40736C2}.Release|x64.Build.0 = Release|Any CPU
		{2A1AF116-75E1-4541-B861-5BD8E40736C2}.Release|x86.ActiveCfg = Release|Any CPU
		{2A1AF116-75E1-4541-B861-5BD8E40736C2}.Release|x86.Build.0 = Release|Any CPU
		{905750CD-1DDD-4968-BD45-695BCA23B461}.Debug|Any CPU.ActiveCfg = Debug|Any CPU
		{905750CD-1DDD-4968-BD45-695BCA23B461}.Debug|Any CPU.Build.0 = Debug|Any CPU
		{905750CD-1DDD-4968-BD45-695BCA23B461}.Debug|x64.ActiveCfg = Debug|Any CPU
		{905750CD-1DDD-4968-BD45-695BCA23B461}.Debug|x64.Build.0 = Debug|Any CPU
		{905750CD-1DDD-4968-BD45-695BCA23B461}.Debug|x86.ActiveCfg = Debug|Any CPU
		{905750CD-1DDD-4968-BD45-695BCA23B461}.Debug|x86.Build.0 = Debug|Any CPU
		{905750CD-1DDD-4968-BD45-695BCA23B461}.Release|Any CPU.ActiveCfg = Release|Any CPU
		{905750CD-1DDD-4968-BD45-695BCA23B461}.Release|Any CPU.Build.0 = Release|Any CPU
		{905750CD-1DDD-4968-BD45-695BCA23B461}.Release|x64.ActiveCfg = Release|Any CPU
		{905750CD-1DDD-4968-BD45-695BCA23B461}.Release|x64.Build.0 = Release|Any CPU
		{905750CD-1DDD-4968-BD45-695BCA23B461}.Release|x86.ActiveCfg = Release|Any CPU
		{905750CD-1DDD-4968-BD45-695BCA23B461}.Release|x86.Build.0 = Release|Any CPU
		{BF73724E-F7E0-4DCC-B578-774CACB71EFF}.Debug|Any CPU.ActiveCfg = Debug|Any CPU
		{BF73724E-F7E0-4DCC-B578-774CACB71EFF}.Debug|Any CPU.Build.0 = Debug|Any CPU
		{BF73724E-F7E0-4DCC-B578-774CACB71EFF}.Debug|x64.ActiveCfg = Debug|Any CPU
		{BF73724E-F7E0-4DCC-B578-774CACB71EFF}.Debug|x64.Build.0 = Debug|Any CPU
		{BF73724E-F7E0-4DCC-B578-774CACB71EFF}.Debug|x86.ActiveCfg = Debug|Any CPU
		{BF73724E-F7E0-4DCC-B578-774CACB71EFF}.Debug|x86.Build.0 = Debug|Any CPU
		{BF73724E-F7E0-4DCC-B578-774CACB71EFF}.Release|Any CPU.ActiveCfg = Release|Any CPU
		{BF73724E-F7E0-4DCC-B578-774CACB71EFF}.Release|Any CPU.Build.0 = Release|Any CPU
		{BF73724E-F7E0-4DCC-B578-774CACB71EFF}.Release|x64.ActiveCfg = Release|Any CPU
		{BF73724E-F7E0-4DCC-B578-774CACB71EFF}.Release|x64.Build.0 = Release|Any CPU
		{BF73724E-F7E0-4DCC-B578-774CACB71EFF}.Release|x86.ActiveCfg = Release|Any CPU
		{BF73724E-F7E0-4DCC-B578-774CACB71EFF}.Release|x86.Build.0 = Release|Any CPU
		{43CE6E86-F6CF-4D7B-BCC2-B00820E57788}.Debug|Any CPU.ActiveCfg = Debug|Any CPU
		{43CE6E86-F6CF-4D7B-BCC2-B00820E57788}.Debug|Any CPU.Build.0 = Debug|Any CPU
		{43CE6E86-F6CF-4D7B-BCC2-B00820E57788}.Debug|x64.ActiveCfg = Debug|Any CPU
		{43CE6E86-F6CF-4D7B-BCC2-B00820E57788}.Debug|x64.Build.0 = Debug|Any CPU
		{43CE6E86-F6CF-4D7B-BCC2-B00820E57788}.Debug|x86.ActiveCfg = Debug|Any CPU
		{43CE6E86-F6CF-4D7B-BCC2-B00820E57788}.Debug|x86.Build.0 = Debug|Any CPU
		{43CE6E86-F6CF-4D7B-BCC2-B00820E57788}.Release|Any CPU.ActiveCfg = Release|Any CPU
		{43CE6E86-F6CF-4D7B-BCC2-B00820E57788}.Release|Any CPU.Build.0 = Release|Any CPU
		{43CE6E86-F6CF-4D7B-BCC2-B00820E57788}.Release|x64.ActiveCfg = Release|Any CPU
		{43CE6E86-F6CF-4D7B-BCC2-B00820E57788}.Release|x64.Build.0 = Release|Any CPU
		{43CE6E86-F6CF-4D7B-BCC2-B00820E57788}.Release|x86.ActiveCfg = Release|Any CPU
		{43CE6E86-F6CF-4D7B-BCC2-B00820E57788}.Release|x86.Build.0 = Release|Any CPU
		{E9EFED82-49EF-4E1F-B136-DB67440439FA}.Debug|Any CPU.ActiveCfg = Debug|Any CPU
		{E9EFED82-49EF-4E1F-B136-DB67440439FA}.Debug|Any CPU.Build.0 = Debug|Any CPU
		{E9EFED82-49EF-4E1F-B136-DB67440439FA}.Debug|x64.ActiveCfg = Debug|Any CPU
		{E9EFED82-49EF-4E1F-B136-DB67440439FA}.Debug|x64.Build.0 = Debug|Any CPU
		{E9EFED82-49EF-4E1F-B136-DB67440439FA}.Debug|x86.ActiveCfg = Debug|Any CPU
		{E9EFED82-49EF-4E1F-B136-DB67440439FA}.Debug|x86.Build.0 = Debug|Any CPU
		{E9EFED82-49EF-4E1F-B136-DB67440439FA}.Release|Any CPU.ActiveCfg = Release|Any CPU
		{E9EFED82-49EF-4E1F-B136-DB67440439FA}.Release|Any CPU.Build.0 = Release|Any CPU
		{E9EFED82-49EF-4E1F-B136-DB67440439FA}.Release|x64.ActiveCfg = Release|Any CPU
		{E9EFED82-49EF-4E1F-B136-DB67440439FA}.Release|x64.Build.0 = Release|Any CPU
		{E9EFED82-49EF-4E1F-B136-DB67440439FA}.Release|x86.ActiveCfg = Release|Any CPU
		{E9EFED82-49EF-4E1F-B136-DB67440439FA}.Release|x86.Build.0 = Release|Any CPU
		{7176F1E2-CF74-4F33-995C-C4FEB4DDE6C2}.Debug|Any CPU.ActiveCfg = Debug|Any CPU
		{7176F1E2-CF74-4F33-995C-C4FEB4DDE6C2}.Debug|Any CPU.Build.0 = Debug|Any CPU
		{7176F1E2-CF74-4F33-995C-C4FEB4DDE6C2}.Debug|x64.ActiveCfg = Debug|Any CPU
		{7176F1E2-CF74-4F33-995C-C4FEB4DDE6C2}.Debug|x64.Build.0 = Debug|Any CPU
		{7176F1E2-CF74-4F33-995C-C4FEB4DDE6C2}.Debug|x86.ActiveCfg = Debug|Any CPU
		{7176F1E2-CF74-4F33-995C-C4FEB4DDE6C2}.Debug|x86.Build.0 = Debug|Any CPU
		{7176F1E2-CF74-4F33-995C-C4FEB4DDE6C2}.Release|Any CPU.ActiveCfg = Release|Any CPU
		{7176F1E2-CF74-4F33-995C-C4FEB4DDE6C2}.Release|Any CPU.Build.0 = Release|Any CPU
		{7176F1E2-CF74-4F33-995C-C4FEB4DDE6C2}.Release|x64.ActiveCfg = Release|Any CPU
		{7176F1E2-CF74-4F33-995C-C4FEB4DDE6C2}.Release|x64.Build.0 = Release|Any CPU
		{7176F1E2-CF74-4F33-995C-C4FEB4DDE6C2}.Release|x86.ActiveCfg = Release|Any CPU
		{7176F1E2-CF74-4F33-995C-C4FEB4DDE6C2}.Release|x86.Build.0 = Release|Any CPU
		{DD52526A-E8A7-427D-9071-5068DE5D2953}.Debug|Any CPU.ActiveCfg = Debug|Any CPU
		{DD52526A-E8A7-427D-9071-5068DE5D2953}.Debug|Any CPU.Build.0 = Debug|Any CPU
		{DD52526A-E8A7-427D-9071-5068DE5D2953}.Debug|x64.ActiveCfg = Debug|Any CPU
		{DD52526A-E8A7-427D-9071-5068DE5D2953}.Debug|x64.Build.0 = Debug|Any CPU
		{DD52526A-E8A7-427D-9071-5068DE5D2953}.Debug|x86.ActiveCfg = Debug|Any CPU
		{DD52526A-E8A7-427D-9071-5068DE5D2953}.Debug|x86.Build.0 = Debug|Any CPU
		{DD52526A-E8A7-427D-9071-5068DE5D2953}.Release|Any CPU.ActiveCfg = Release|Any CPU
		{DD52526A-E8A7-427D-9071-5068DE5D2953}.Release|Any CPU.Build.0 = Release|Any CPU
		{DD52526A-E8A7-427D-9071-5068DE5D2953}.Release|x64.ActiveCfg = Release|Any CPU
		{DD52526A-E8A7-427D-9071-5068DE5D2953}.Release|x64.Build.0 = Release|Any CPU
		{DD52526A-E8A7-427D-9071-5068DE5D2953}.Release|x86.ActiveCfg = Release|Any CPU
		{DD52526A-E8A7-427D-9071-5068DE5D2953}.Release|x86.Build.0 = Release|Any CPU
		{043B9166-A54C-4AAA-93DC-523C6C438E74}.Debug|Any CPU.ActiveCfg = Debug|Any CPU
		{043B9166-A54C-4AAA-93DC-523C6C438E74}.Debug|Any CPU.Build.0 = Debug|Any CPU
		{043B9166-A54C-4AAA-93DC-523C6C438E74}.Debug|x64.ActiveCfg = Debug|Any CPU
		{043B9166-A54C-4AAA-93DC-523C6C438E74}.Debug|x64.Build.0 = Debug|Any CPU
		{043B9166-A54C-4AAA-93DC-523C6C438E74}.Debug|x86.ActiveCfg = Debug|Any CPU
		{043B9166-A54C-4AAA-93DC-523C6C438E74}.Debug|x86.Build.0 = Debug|Any CPU
		{043B9166-A54C-4AAA-93DC-523C6C438E74}.Release|Any CPU.ActiveCfg = Release|Any CPU
		{043B9166-A54C-4AAA-93DC-523C6C438E74}.Release|Any CPU.Build.0 = Release|Any CPU
		{043B9166-A54C-4AAA-93DC-523C6C438E74}.Release|x64.ActiveCfg = Release|Any CPU
		{043B9166-A54C-4AAA-93DC-523C6C438E74}.Release|x64.Build.0 = Release|Any CPU
		{043B9166-A54C-4AAA-93DC-523C6C438E74}.Release|x86.ActiveCfg = Release|Any CPU
		{043B9166-A54C-4AAA-93DC-523C6C438E74}.Release|x86.Build.0 = Release|Any CPU
		{BA6F55F4-F2A6-46BC-A0A4-0C7B491EAFED}.Debug|Any CPU.ActiveCfg = Debug|Any CPU
		{BA6F55F4-F2A6-46BC-A0A4-0C7B491EAFED}.Debug|Any CPU.Build.0 = Debug|Any CPU
		{BA6F55F4-F2A6-46BC-A0A4-0C7B491EAFED}.Debug|x64.ActiveCfg = Debug|Any CPU
		{BA6F55F4-F2A6-46BC-A0A4-0C7B491EAFED}.Debug|x64.Build.0 = Debug|Any CPU
		{BA6F55F4-F2A6-46BC-A0A4-0C7B491EAFED}.Debug|x86.ActiveCfg = Debug|Any CPU
		{BA6F55F4-F2A6-46BC-A0A4-0C7B491EAFED}.Debug|x86.Build.0 = Debug|Any CPU
		{BA6F55F4-F2A6-46BC-A0A4-0C7B491EAFED}.Release|Any CPU.ActiveCfg = Release|Any CPU
		{BA6F55F4-F2A6-46BC-A0A4-0C7B491EAFED}.Release|Any CPU.Build.0 = Release|Any CPU
		{BA6F55F4-F2A6-46BC-A0A4-0C7B491EAFED}.Release|x64.ActiveCfg = Release|Any CPU
		{BA6F55F4-F2A6-46BC-A0A4-0C7B491EAFED}.Release|x64.Build.0 = Release|Any CPU
		{BA6F55F4-F2A6-46BC-A0A4-0C7B491EAFED}.Release|x86.ActiveCfg = Release|Any CPU
		{BA6F55F4-F2A6-46BC-A0A4-0C7B491EAFED}.Release|x86.Build.0 = Release|Any CPU
		{5EB9CC58-888E-4A6C-BB14-04AF815CF0A1}.Debug|Any CPU.ActiveCfg = Debug|Any CPU
		{5EB9CC58-888E-4A6C-BB14-04AF815CF0A1}.Debug|Any CPU.Build.0 = Debug|Any CPU
		{5EB9CC58-888E-4A6C-BB14-04AF815CF0A1}.Debug|x64.ActiveCfg = Debug|Any CPU
		{5EB9CC58-888E-4A6C-BB14-04AF815CF0A1}.Debug|x64.Build.0 = Debug|Any CPU
		{5EB9CC58-888E-4A6C-BB14-04AF815CF0A1}.Debug|x86.ActiveCfg = Debug|Any CPU
		{5EB9CC58-888E-4A6C-BB14-04AF815CF0A1}.Debug|x86.Build.0 = Debug|Any CPU
		{5EB9CC58-888E-4A6C-BB14-04AF815CF0A1}.Release|Any CPU.ActiveCfg = Release|Any CPU
		{5EB9CC58-888E-4A6C-BB14-04AF815CF0A1}.Release|Any CPU.Build.0 = Release|Any CPU
		{5EB9CC58-888E-4A6C-BB14-04AF815CF0A1}.Release|x64.ActiveCfg = Release|Any CPU
		{5EB9CC58-888E-4A6C-BB14-04AF815CF0A1}.Release|x64.Build.0 = Release|Any CPU
		{5EB9CC58-888E-4A6C-BB14-04AF815CF0A1}.Release|x86.ActiveCfg = Release|Any CPU
		{5EB9CC58-888E-4A6C-BB14-04AF815CF0A1}.Release|x86.Build.0 = Release|Any CPU
		{D95B6A40-895D-4EBC-A98E-ECF3659AE3D0}.Debug|Any CPU.ActiveCfg = Debug|Any CPU
		{D95B6A40-895D-4EBC-A98E-ECF3659AE3D0}.Debug|Any CPU.Build.0 = Debug|Any CPU
		{D95B6A40-895D-4EBC-A98E-ECF3659AE3D0}.Debug|x64.ActiveCfg = Debug|Any CPU
		{D95B6A40-895D-4EBC-A98E-ECF3659AE3D0}.Debug|x64.Build.0 = Debug|Any CPU
		{D95B6A40-895D-4EBC-A98E-ECF3659AE3D0}.Debug|x86.ActiveCfg = Debug|Any CPU
		{D95B6A40-895D-4EBC-A98E-ECF3659AE3D0}.Debug|x86.Build.0 = Debug|Any CPU
		{D95B6A40-895D-4EBC-A98E-ECF3659AE3D0}.Release|Any CPU.ActiveCfg = Release|Any CPU
		{D95B6A40-895D-4EBC-A98E-ECF3659AE3D0}.Release|Any CPU.Build.0 = Release|Any CPU
		{D95B6A40-895D-4EBC-A98E-ECF3659AE3D0}.Release|x64.ActiveCfg = Release|Any CPU
		{D95B6A40-895D-4EBC-A98E-ECF3659AE3D0}.Release|x64.Build.0 = Release|Any CPU
		{D95B6A40-895D-4EBC-A98E-ECF3659AE3D0}.Release|x86.ActiveCfg = Release|Any CPU
		{D95B6A40-895D-4EBC-A98E-ECF3659AE3D0}.Release|x86.Build.0 = Release|Any CPU
		{769822B4-E984-45F1-83CA-C32A6DB455CB}.Debug|Any CPU.ActiveCfg = Debug|Any CPU
		{769822B4-E984-45F1-83CA-C32A6DB455CB}.Debug|Any CPU.Build.0 = Debug|Any CPU
		{769822B4-E984-45F1-83CA-C32A6DB455CB}.Debug|x64.ActiveCfg = Debug|Any CPU
		{769822B4-E984-45F1-83CA-C32A6DB455CB}.Debug|x64.Build.0 = Debug|Any CPU
		{769822B4-E984-45F1-83CA-C32A6DB455CB}.Debug|x86.ActiveCfg = Debug|Any CPU
		{769822B4-E984-45F1-83CA-C32A6DB455CB}.Debug|x86.Build.0 = Debug|Any CPU
		{769822B4-E984-45F1-83CA-C32A6DB455CB}.Release|Any CPU.ActiveCfg = Release|Any CPU
		{769822B4-E984-45F1-83CA-C32A6DB455CB}.Release|Any CPU.Build.0 = Release|Any CPU
		{769822B4-E984-45F1-83CA-C32A6DB455CB}.Release|x64.ActiveCfg = Release|Any CPU
		{769822B4-E984-45F1-83CA-C32A6DB455CB}.Release|x64.Build.0 = Release|Any CPU
		{769822B4-E984-45F1-83CA-C32A6DB455CB}.Release|x86.ActiveCfg = Release|Any CPU
		{769822B4-E984-45F1-83CA-C32A6DB455CB}.Release|x86.Build.0 = Release|Any CPU
		{BA4C03ED-BCAB-4E32-8B4A-140522E104BD}.Debug|Any CPU.ActiveCfg = Debug|Any CPU
		{BA4C03ED-BCAB-4E32-8B4A-140522E104BD}.Debug|Any CPU.Build.0 = Debug|Any CPU
		{BA4C03ED-BCAB-4E32-8B4A-140522E104BD}.Debug|x64.ActiveCfg = Debug|Any CPU
		{BA4C03ED-BCAB-4E32-8B4A-140522E104BD}.Debug|x64.Build.0 = Debug|Any CPU
		{BA4C03ED-BCAB-4E32-8B4A-140522E104BD}.Debug|x86.ActiveCfg = Debug|Any CPU
		{BA4C03ED-BCAB-4E32-8B4A-140522E104BD}.Debug|x86.Build.0 = Debug|Any CPU
		{BA4C03ED-BCAB-4E32-8B4A-140522E104BD}.Release|Any CPU.ActiveCfg = Release|Any CPU
		{BA4C03ED-BCAB-4E32-8B4A-140522E104BD}.Release|Any CPU.Build.0 = Release|Any CPU
		{BA4C03ED-BCAB-4E32-8B4A-140522E104BD}.Release|x64.ActiveCfg = Release|Any CPU
		{BA4C03ED-BCAB-4E32-8B4A-140522E104BD}.Release|x64.Build.0 = Release|Any CPU
		{BA4C03ED-BCAB-4E32-8B4A-140522E104BD}.Release|x86.ActiveCfg = Release|Any CPU
		{BA4C03ED-BCAB-4E32-8B4A-140522E104BD}.Release|x86.Build.0 = Release|Any CPU
		{5AA2547D-34C0-4F76-9EB7-C4DC0066BD92}.Debug|Any CPU.ActiveCfg = Debug|Any CPU
		{5AA2547D-34C0-4F76-9EB7-C4DC0066BD92}.Debug|Any CPU.Build.0 = Debug|Any CPU
		{5AA2547D-34C0-4F76-9EB7-C4DC0066BD92}.Debug|x64.ActiveCfg = Debug|Any CPU
		{5AA2547D-34C0-4F76-9EB7-C4DC0066BD92}.Debug|x64.Build.0 = Debug|Any CPU
		{5AA2547D-34C0-4F76-9EB7-C4DC0066BD92}.Debug|x86.ActiveCfg = Debug|Any CPU
		{5AA2547D-34C0-4F76-9EB7-C4DC0066BD92}.Debug|x86.Build.0 = Debug|Any CPU
		{5AA2547D-34C0-4F76-9EB7-C4DC0066BD92}.Release|Any CPU.ActiveCfg = Release|Any CPU
		{5AA2547D-34C0-4F76-9EB7-C4DC0066BD92}.Release|Any CPU.Build.0 = Release|Any CPU
		{5AA2547D-34C0-4F76-9EB7-C4DC0066BD92}.Release|x64.ActiveCfg = Release|Any CPU
		{5AA2547D-34C0-4F76-9EB7-C4DC0066BD92}.Release|x64.Build.0 = Release|Any CPU
		{5AA2547D-34C0-4F76-9EB7-C4DC0066BD92}.Release|x86.ActiveCfg = Release|Any CPU
		{5AA2547D-34C0-4F76-9EB7-C4DC0066BD92}.Release|x86.Build.0 = Release|Any CPU
	EndGlobalSection
	GlobalSection(SolutionProperties) = preSolution
		HideSolutionNode = FALSE
	EndGlobalSection
	GlobalSection(NestedProjects) = preSolution
		{C8E42992-5E42-0C2B-DBFE-AA848D06431C} = {827E0CD3-B72D-47B6-A68D-7590B98EB39B}
		{2C3A2ECB-3006-4565-81A8-F2C1A864903A} = {C8E42992-5E42-0C2B-DBFE-AA848D06431C}
		{984BB9B3-3FA3-BE33-9484-CAC21695A33C} = {827E0CD3-B72D-47B6-A68D-7590B98EB39B}
		{B0ED8887-1092-5A1A-EC04-2B6B0F6E9C33} = {984BB9B3-3FA3-BE33-9484-CAC21695A33C}
		{609080D5-4397-4220-A02E-F76D849D6143} = {B0ED8887-1092-5A1A-EC04-2B6B0F6E9C33}
		{DE941A27-CDBB-4BEE-8819-4533B806948E} = {B0ED8887-1092-5A1A-EC04-2B6B0F6E9C33}
		{AE1D466D-9ABC-4EB0-84F7-5F681448CC2B} = {B0ED8887-1092-5A1A-EC04-2B6B0F6E9C33}
		{87F7CCE5-F0E2-4932-BAE1-14E1EDE207AF} = {B0ED8887-1092-5A1A-EC04-2B6B0F6E9C33}
		{2F82A921-F5AC-497D-C46A-64A82B34AE26} = {984BB9B3-3FA3-BE33-9484-CAC21695A33C}
		{75EA6A07-9ABD-4AE5-99E8-5155D0CADC6F} = {2F82A921-F5AC-497D-C46A-64A82B34AE26}
		{67954428-E698-49AE-9BF8-1F06B227FEB5} = {2F82A921-F5AC-497D-C46A-64A82B34AE26}
		{22E1F3DC-02A7-46AE-9696-8F542CAB863A} = {2F82A921-F5AC-497D-C46A-64A82B34AE26}
		{D8D9088B-D15C-423B-B7A7-8AC75272694C} = {2F82A921-F5AC-497D-C46A-64A82B34AE26}
		{4C771677-6415-9B28-0184-0CC570FB9A1C} = {984BB9B3-3FA3-BE33-9484-CAC21695A33C}
		{EC5D5557-1565-428E-B956-60CF70371995} = {4C771677-6415-9B28-0184-0CC570FB9A1C}
		{4A422374-9FF7-4059-BC71-D421F3AC8FD3} = {4C771677-6415-9B28-0184-0CC570FB9A1C}
		{4F01D008-C5EF-4662-98F6-85C275C1E213} = {4C771677-6415-9B28-0184-0CC570FB9A1C}
		{8171652F-EA6C-42E0-AA69-51BF0B6D7431} = {4C771677-6415-9B28-0184-0CC570FB9A1C}
		{45157A9D-23B2-A661-10EF-8EAB995BB19F} = {984BB9B3-3FA3-BE33-9484-CAC21695A33C}
		{5508A524-C988-4025-980A-9FD6F8438D79} = {45157A9D-23B2-A661-10EF-8EAB995BB19F}
		{285A129A-A24F-4FD5-9A3A-E7F803D25C88} = {45157A9D-23B2-A661-10EF-8EAB995BB19F}
		{D1512015-7DD2-4005-98D6-854EB593F510} = {45157A9D-23B2-A661-10EF-8EAB995BB19F}
		{2A1AF116-75E1-4541-B861-5BD8E40736C2} = {45157A9D-23B2-A661-10EF-8EAB995BB19F}
		{1B3D278D-E8E4-0372-D63A-30872E88AAE9} = {984BB9B3-3FA3-BE33-9484-CAC21695A33C}
		{905750CD-1DDD-4968-BD45-695BCA23B461} = {1B3D278D-E8E4-0372-D63A-30872E88AAE9}
		{BF73724E-F7E0-4DCC-B578-774CACB71EFF} = {1B3D278D-E8E4-0372-D63A-30872E88AAE9}
		{43CE6E86-F6CF-4D7B-BCC2-B00820E57788} = {1B3D278D-E8E4-0372-D63A-30872E88AAE9}
		{E9EFED82-49EF-4E1F-B136-DB67440439FA} = {1B3D278D-E8E4-0372-D63A-30872E88AAE9}
		{13A5714D-D32B-0EDD-ED40-5334E310C562} = {984BB9B3-3FA3-BE33-9484-CAC21695A33C}
		{7176F1E2-CF74-4F33-995C-C4FEB4DDE6C2} = {13A5714D-D32B-0EDD-ED40-5334E310C562}
		{DD52526A-E8A7-427D-9071-5068DE5D2953} = {13A5714D-D32B-0EDD-ED40-5334E310C562}
		{043B9166-A54C-4AAA-93DC-523C6C438E74} = {13A5714D-D32B-0EDD-ED40-5334E310C562}
		{BA6F55F4-F2A6-46BC-A0A4-0C7B491EAFED} = {13A5714D-D32B-0EDD-ED40-5334E310C562}
		{47931FAB-DBE1-FD8F-0AFF-2CD4B99C52C4} = {984BB9B3-3FA3-BE33-9484-CAC21695A33C}
		{5EB9CC58-888E-4A6C-BB14-04AF815CF0A1} = {47931FAB-DBE1-FD8F-0AFF-2CD4B99C52C4}
		{D95B6A40-895D-4EBC-A98E-ECF3659AE3D0} = {47931FAB-DBE1-FD8F-0AFF-2CD4B99C52C4}
		{769822B4-E984-45F1-83CA-C32A6DB455CB} = {47931FAB-DBE1-FD8F-0AFF-2CD4B99C52C4}
		{BA4C03ED-BCAB-4E32-8B4A-140522E104BD} = {47931FAB-DBE1-FD8F-0AFF-2CD4B99C52C4}
		{FCA01246-F2C6-0AA7-D43F-FD13BE0B9D88} = {827E0CD3-B72D-47B6-A68D-7590B98EB39B}
		{5AA2547D-34C0-4F76-9EB7-C4DC0066BD92} = {FCA01246-F2C6-0AA7-D43F-FD13BE0B9D88}
	EndGlobalSection
EndGlobal
